
Microsoft Visual Studio Solution File, Format Version 12.00
# Visual Studio Version 17
VisualStudioVersion = 17.4.33213.308
MinimumVisualStudioVersion = 10.0.40219.1
Project("{FAE04EC0-301F-11D3-BF4B-00C04F79EFBC}") = "OLP_WEB", "OLP_WEB\OLP_WEB.csproj", "{DCBECCCB-0868-49AF-93E0-DFE587EAABC4}"
EndProject
Global
	GlobalSection(SolutionConfigurationPlatforms) = preSolution
		Debug|Any CPU = Debug|Any CPU
		Release|Any CPU = Release|Any CPU
	EndGlobalSection
	GlobalSection(ProjectConfigurationPlatforms) = postSolution
		{DCBECCCB-0868-49AF-93E0-DFE587EAABC4}.Debug|Any CPU.ActiveCfg = Debug|Any CPU
		{DCBECCCB-0868-49AF-93E0-DFE587EAABC4}.Debug|Any CPU.Build.0 = Debug|Any CPU
		{DCBECCCB-0868-49AF-93E0-DFE587EAABC4}.Release|Any CPU.ActiveCfg = Release|Any CPU
		{DCBECCCB-0868-49AF-93E0-DFE587EAABC4}.Release|Any CPU.Build.0 = Release|Any CPU
	EndGlobalSection
	GlobalSection(SolutionProperties) = preSolution
		HideSolutionNode = FALSE
	EndGlobalSection
	GlobalSection(ExtensibilityGlobals) = postSolution
		SolutionGuid = {0C578537-F7DE-47E6-B506-D6261692A11B}
	EndGlobalSection
EndGlobal
